
Microsoft Visual Studio Solution File, Format Version 12.00
# Visual Studio Version 17
VisualStudioVersion = 17.3.32922.545
MinimumVisualStudioVersion = 10.0.40219.1
Project("{FAE04EC0-301F-11D3-BF4B-00C04F79EFBC}") = "WebApplication11", "WebApplication11\WebApplication11.csproj", "{33EF1B4E-4E8E-4AF6-8159-A6D8FDA3086B}"
EndProject
Global
	GlobalSection(SolutionConfigurationPlatforms) = preSolution
		Debug|Any CPU = Debug|Any CPU
		Release|Any CPU = Release|Any CPU
	EndGlobalSection
	GlobalSection(ProjectConfigurationPlatforms) = postSolution
		{33EF1B4E-4E8E-4AF6-8159-A6D8FDA3086B}.Debug|Any CPU.ActiveCfg = Debug|Any CPU
		{33EF1B4E-4E8E-4AF6-8159-A6D8FDA3086B}.Debug|Any CPU.Build.0 = Debug|Any CPU
		{33EF1B4E-4E8E-4AF6-8159-A6D8FDA3086B}.Release|Any CPU.ActiveCfg = Release|Any CPU
		{33EF1B4E-4E8E-4AF6-8159-A6D8FDA3086B}.Release|Any CPU.Build.0 = Release|Any CPU
	EndGlobalSection
	GlobalSection(SolutionProperties) = preSolution
		HideSolutionNode = FALSE
	EndGlobalSection
	GlobalSection(ExtensibilityGlobals) = postSolution
		SolutionGuid = {C9B0BE68-C694-439D-888D-A741012D72AF}
	EndGlobalSection
EndGlobal
